{
  "version": 4,
  "terraform_version": "1.13.4",
  "serial": 1,
  "lineage": "625de6b4-b386-8023-28f3-076862a5a116",
  "outputs": {
    "webapp_file_path": {
      "value": "./webapp/src/index.js",
      "type": "string"
    }
  },
  "resources": [
    {
      "mode": "managed",
      "type": "local_file",
      "name": "webapp_app",
      "provider": "provider[\"registry.terraform.io/hashicorp/local\"]",
      "instances": [
        {
          "schema_version": 0,
          "attributes": {
            "content": "console.log(\"Hello, Terraform web app!\");\r\n",
            "content_base64": null,
            "content_base64sha256": "nqslUAbM6MagO/Yx6BuYlbxugk4Gmj0lbiIn0UK/pEY=",
            "content_base64sha512": "RepEH6x29hsUnvFRPoNhROYDmwtnR8iWCAAw4D6YhFLupx8qu+4A6xKsnYwdHaId3mGM6PCEndOHZT19tD0BGw==",
            "content_md5": "8a8420a3ad324b0c3657c3ad4f9b8d71",
            "content_sha1": "7db1bef06bb4de64978c1ee4eca29fa72915355b",
            "content_sha256": "9eab255006cce8c6a03bf631e81b9895bc6e824e069a3d256e2227d142bfa446",
            "content_sha512": "45ea441fac76f61b149ef1513e836144e6039b0b6747c896080030e03e988452eea71f2abbee00eb12ac9d8c1d1da21dde618ce8f0849dd387653d7db43d011b",
            "directory_permission": "0777",
            "file_permission": "0777",
            "filename": "./webapp/src/index.js",
            "id": "7db1bef06bb4de64978c1ee4eca29fa72915355b",
            "sensitive_content": null,
            "source": null
          },
          "sensitive_attributes": [
            [
              {
                "type": "get_attr",
                "value": "sensitive_content"
              }
            ]
          ],
          "identity_schema_version": 0
        }
      ]
    }
  ],
  "check_results": null
}
